
Microsoft Visual Studio Solution File, Format Version 12.00
# Visual Studio 14
VisualStudioVersion = 14.0.23107.0
MinimumVisualStudioVersion = 10.0.40219.1
Project("{FAE04EC0-301F-11D3-BF4B-00C04F79EFBC}") = "Tehtava2Lotto", "Tehtava2Lotto\Tehtava2Lotto.csproj", "{94FC10E6-5A67-45B9-BF29-7930D0E74E29}"
EndProject
Project("{FAE04EC0-301F-11D3-BF4B-00C04F79EFBC}") = "Tehtava1", "Tehtava1\Tehtava1.csproj", "{DC572534-13DB-440B-A2DF-AA86E7AA6F73}"
EndProject
Project("{FAE04EC0-301F-11D3-BF4B-00C04F79EFBC}") = "Tehtava3", "Tehtava3\Tehtava3.csproj", "{280354B1-5A17-4FB6-B9F5-6C9CF36C17C6}"
EndProject
Project("{FAE04EC0-301F-11D3-BF4B-00C04F79EFBC}") = "Tehtava4", "Tehtava4\Tehtava4.csproj", "{A9516E0C-C881-458F-BEC6-363F6C163395}"
EndProject
Project("{FAE04EC0-301F-11D3-BF4B-00C04F79EFBC}") = "ADOdatareader", "ADOdatareader\ADOdatareader.csproj", "{1C5FBA5D-6A3A-4E07-8957-EDA55B47FE2E}"
EndProject
Project("{FAE04EC0-301F-11D3-BF4B-00C04F79EFBC}") = "Tehtävä8_real", "Tehtävä8_real\Tehtävä8_real.csproj", "{2259CEF2-508A-4988-B95E-6FE5D631010C}"
EndProject
Global
	GlobalSection(SolutionConfigurationPlatforms) = preSolution
		Debug|Any CPU = Debug|Any CPU
		Release|Any CPU = Release|Any CPU
	EndGlobalSection
	GlobalSection(ProjectConfigurationPlatforms) = postSolution
		{94FC10E6-5A67-45B9-BF29-7930D0E74E29}.Debug|Any CPU.ActiveCfg = Debug|Any CPU
		{94FC10E6-5A67-45B9-BF29-7930D0E74E29}.Debug|Any CPU.Build.0 = Debug|Any CPU
		{94FC10E6-5A67-45B9-BF29-7930D0E74E29}.Release|Any CPU.ActiveCfg = Release|Any CPU
		{94FC10E6-5A67-45B9-BF29-7930D0E74E29}.Release|Any CPU.Build.0 = Release|Any CPU
		{DC572534-13DB-440B-A2DF-AA86E7AA6F73}.Debug|Any CPU.ActiveCfg = Debug|Any CPU
		{DC572534-13DB-440B-A2DF-AA86E7AA6F73}.Debug|Any CPU.Build.0 = Debug|Any CPU
		{DC572534-13DB-440B-A2DF-AA86E7AA6F73}.Release|Any CPU.ActiveCfg = Release|Any CPU
		{DC572534-13DB-440B-A2DF-AA86E7AA6F73}.Release|Any CPU.Build.0 = Release|Any CPU
		{280354B1-5A17-4FB6-B9F5-6C9CF36C17C6}.Debug|Any CPU.ActiveCfg = Debug|Any CPU
		{280354B1-5A17-4FB6-B9F5-6C9CF36C17C6}.Debug|Any CPU.Build.0 = Debug|Any CPU
		{280354B1-5A17-4FB6-B9F5-6C9CF36C17C6}.Release|Any CPU.ActiveCfg = Release|Any CPU
		{280354B1-5A17-4FB6-B9F5-6C9CF36C17C6}.Release|Any CPU.Build.0 = Release|Any CPU
		{A9516E0C-C881-458F-BEC6-363F6C163395}.Debug|Any CPU.ActiveCfg = Debug|Any CPU
		{A9516E0C-C881-458F-BEC6-363F6C163395}.Debug|Any CPU.Build.0 = Debug|Any CPU
		{A9516E0C-C881-458F-BEC6-363F6C163395}.Release|Any CPU.ActiveCfg = Release|Any CPU
		{A9516E0C-C881-458F-BEC6-363F6C163395}.Release|Any CPU.Build.0 = Release|Any CPU
		{1C5FBA5D-6A3A-4E07-8957-EDA55B47FE2E}.Debug|Any CPU.ActiveCfg = Debug|Any CPU
		{1C5FBA5D-6A3A-4E07-8957-EDA55B47FE2E}.Debug|Any CPU.Build.0 = Debug|Any CPU
		{1C5FBA5D-6A3A-4E07-8957-EDA55B47FE2E}.Release|Any CPU.ActiveCfg = Release|Any CPU
		{1C5FBA5D-6A3A-4E07-8957-EDA55B47FE2E}.Release|Any CPU.Build.0 = Release|Any CPU
		{2259CEF2-508A-4988-B95E-6FE5D631010C}.Debug|Any CPU.ActiveCfg = Debug|Any CPU
		{2259CEF2-508A-4988-B95E-6FE5D631010C}.Debug|Any CPU.Build.0 = Debug|Any CPU
		{2259CEF2-508A-4988-B95E-6FE5D631010C}.Release|Any CPU.ActiveCfg = Release|Any CPU
		{2259CEF2-508A-4988-B95E-6FE5D631010C}.Release|Any CPU.Build.0 = Release|Any CPU
	EndGlobalSection
	GlobalSection(SolutionProperties) = preSolution
		HideSolutionNode = FALSE
	EndGlobalSection
EndGlobal
